
Microsoft Visual Studio Solution File, Format Version 12.00
# Visual Studio 15
VisualStudioVersion = 15.0.26430.12
MinimumVisualStudioVersion = 10.0.40219.1
Project("{F184B08F-C81C-45F6-A57F-5ABD9991F28F}") = "DTO", "DTO\DTO.vbproj", "{89995C2A-033C-4F21-B88E-5F701233C295}"
EndProject
Project("{F184B08F-C81C-45F6-A57F-5ABD9991F28F}") = "DAO", "DAO\DAO.vbproj", "{B9AB1B3F-CFD6-4C47-9FFE-5878C0C99DE7}"
EndProject
Project("{F184B08F-C81C-45F6-A57F-5ABD9991F28F}") = "BUS", "BUS\BUS.vbproj", "{751A5EF6-9D9A-48AA-8AEC-3C1E9AFE4CD0}"
EndProject
Project("{F184B08F-C81C-45F6-A57F-5ABD9991F28F}") = "GUI", "GUI\GUI.vbproj", "{A5347272-B13B-45DB-9D05-5F8A1F50CC5E}"
EndProject
Global
	GlobalSection(SolutionConfigurationPlatforms) = preSolution
		Debug|Any CPU = Debug|Any CPU
		Release|Any CPU = Release|Any CPU
	EndGlobalSection
	GlobalSection(ProjectConfigurationPlatforms) = postSolution
		{89995C2A-033C-4F21-B88E-5F701233C295}.Debug|Any CPU.ActiveCfg = Debug|Any CPU
		{89995C2A-033C-4F21-B88E-5F701233C295}.Debug|Any CPU.Build.0 = Debug|Any CPU
		{89995C2A-033C-4F21-B88E-5F701233C295}.Release|Any CPU.ActiveCfg = Release|Any CPU
		{89995C2A-033C-4F21-B88E-5F701233C295}.Release|Any CPU.Build.0 = Release|Any CPU
		{B9AB1B3F-CFD6-4C47-9FFE-5878C0C99DE7}.Debug|Any CPU.ActiveCfg = Debug|Any CPU
		{B9AB1B3F-CFD6-4C47-9FFE-5878C0C99DE7}.Debug|Any CPU.Build.0 = Debug|Any CPU
		{B9AB1B3F-CFD6-4C47-9FFE-5878C0C99DE7}.Release|Any CPU.ActiveCfg = Release|Any CPU
		{B9AB1B3F-CFD6-4C47-9FFE-5878C0C99DE7}.Release|Any CPU.Build.0 = Release|Any CPU
		{751A5EF6-9D9A-48AA-8AEC-3C1E9AFE4CD0}.Debug|Any CPU.ActiveCfg = Debug|Any CPU
		{751A5EF6-9D9A-48AA-8AEC-3C1E9AFE4CD0}.Debug|Any CPU.Build.0 = Debug|Any CPU
		{751A5EF6-9D9A-48AA-8AEC-3C1E9AFE4CD0}.Release|Any CPU.ActiveCfg = Release|Any CPU
		{751A5EF6-9D9A-48AA-8AEC-3C1E9AFE4CD0}.Release|Any CPU.Build.0 = Release|Any CPU
		{A5347272-B13B-45DB-9D05-5F8A1F50CC5E}.Debug|Any CPU.ActiveCfg = Debug|Any CPU
		{A5347272-B13B-45DB-9D05-5F8A1F50CC5E}.Debug|Any CPU.Build.0 = Debug|Any CPU
		{A5347272-B13B-45DB-9D05-5F8A1F50CC5E}.Release|Any CPU.ActiveCfg = Release|Any CPU
		{A5347272-B13B-45DB-9D05-5F8A1F50CC5E}.Release|Any CPU.Build.0 = Release|Any CPU
	EndGlobalSection
	GlobalSection(SolutionProperties) = preSolution
		HideSolutionNode = FALSE
	EndGlobalSection
EndGlobal
